
Microsoft Visual Studio Solution File, Format Version 12.00
# Visual Studio 15
VisualStudioVersion = 15.0.27004.2005
MinimumVisualStudioVersion = 10.0.40219.1
Project("{9A19103F-16F7-4668-BE54-9A1E7A4F7556}") = "Heimdallr.Authentication", "Heimdallr.Authentication\Heimdallr.Authentication.csproj", "{19A16366-63B5-4B81-8EF9-DA5FCB0D50A8}"
EndProject
Project("{FAE04EC0-301F-11D3-BF4B-00C04F79EFBC}") = "Heimdallr.Authentication.Demo", "Heimdallr.Authentication.Demo\Heimdallr.Authentication.Demo.csproj", "{C6EF0A37-7CE7-4DB4-9BA7-4F732949F399}"
EndProject
Global
	GlobalSection(SolutionConfigurationPlatforms) = preSolution
		Debug|Any CPU = Debug|Any CPU
		Release|Any CPU = Release|Any CPU
	EndGlobalSection
	GlobalSection(ProjectConfigurationPlatforms) = postSolution
		{19A16366-63B5-4B81-8EF9-DA5FCB0D50A8}.Debug|Any CPU.ActiveCfg = Debug|Any CPU
		{19A16366-63B5-4B81-8EF9-DA5FCB0D50A8}.Debug|Any CPU.Build.0 = Debug|Any CPU
		{19A16366-63B5-4B81-8EF9-DA5FCB0D50A8}.Release|Any CPU.ActiveCfg = Release|Any CPU
		{19A16366-63B5-4B81-8EF9-DA5FCB0D50A8}.Release|Any CPU.Build.0 = Release|Any CPU
		{C6EF0A37-7CE7-4DB4-9BA7-4F732949F399}.Debug|Any CPU.ActiveCfg = Debug|Any CPU
		{C6EF0A37-7CE7-4DB4-9BA7-4F732949F399}.Debug|Any CPU.Build.0 = Debug|Any CPU
		{C6EF0A37-7CE7-4DB4-9BA7-4F732949F399}.Release|Any CPU.ActiveCfg = Release|Any CPU
		{C6EF0A37-7CE7-4DB4-9BA7-4F732949F399}.Release|Any CPU.Build.0 = Release|Any CPU
	EndGlobalSection
	GlobalSection(SolutionProperties) = preSolution
		HideSolutionNode = FALSE
	EndGlobalSection
	GlobalSection(ExtensibilityGlobals) = postSolution
		SolutionGuid = {938AE52F-A6A8-4F2D-9735-B2AF4FE46D61}
	EndGlobalSection
EndGlobal
